
Microsoft Visual Studio Solution File, Format Version 12.00
# Visual Studio Version 16
VisualStudioVersion = 16.0.31205.134
MinimumVisualStudioVersion = 10.0.40219.1
Project("{9A19103F-16F7-4668-BE54-9A1E7A4F7556}") = "elizor.ecommerce.user.api", "elizor.ecommerce.user.api\elizor.ecommerce.user.api.csproj", "{2AD17891-925D-486D-A93D-729CE2E53563}"
EndProject
Project("{9A19103F-16F7-4668-BE54-9A1E7A4F7556}") = "elizor.ecommerce.user.contracts", "elizor.ecommerce.user.contracts\elizor.ecommerce.user.contracts.csproj", "{EC2F9399-4929-42AC-A0A3-D445ADF4CFF9}"
EndProject
Project("{9A19103F-16F7-4668-BE54-9A1E7A4F7556}") = "elizor.ecommerce.user.dbcontext.tables", "elizor.ecommerce.user.dbcontext.tables\elizor.ecommerce.user.dbcontext.tables.csproj", "{006A7F32-0DD3-4DE2-B913-971F44736A88}"
EndProject
Project("{9A19103F-16F7-4668-BE54-9A1E7A4F7556}") = "elizor.ecommerce.user.business", "elizor.ecommerce.user.business\elizor.ecommerce.user.business.csproj", "{4DFF7946-A48C-4BA0-B48C-EDF4F876F83F}"
EndProject
Project("{9A19103F-16F7-4668-BE54-9A1E7A4F7556}") = "elizor.ecommerce.user.shared", "elizor.ecommerce.user.shared\elizor.ecommerce.user.shared.csproj", "{1A6E5A00-0CD3-4A25-B6B5-6CF1DDD0A8E6}"
EndProject
Project("{FAE04EC0-301F-11D3-BF4B-00C04F79EFBC}") = "elizor.ecommerce.user.entities", "elizor.ecommerce.user.entities\elizor.ecommerce.user.entities.csproj", "{E7F9D278-6872-48E5-9613-CD1DD2BD8B18}"
EndProject
Project("{FAE04EC0-301F-11D3-BF4B-00C04F79EFBC}") = "elizor.ecommerce.user.data", "elizor.ecommerce.user.data\elizor.ecommerce.user.data.csproj", "{BEE6FA15-C029-4855-A44A-28A5EAF798C1}"
EndProject
Global
	GlobalSection(SolutionConfigurationPlatforms) = preSolution
		Debug|Any CPU = Debug|Any CPU
		Release|Any CPU = Release|Any CPU
	EndGlobalSection
	GlobalSection(ProjectConfigurationPlatforms) = postSolution
		{2AD17891-925D-486D-A93D-729CE2E53563}.Debug|Any CPU.ActiveCfg = Debug|Any CPU
		{2AD17891-925D-486D-A93D-729CE2E53563}.Debug|Any CPU.Build.0 = Debug|Any CPU
		{2AD17891-925D-486D-A93D-729CE2E53563}.Release|Any CPU.ActiveCfg = Release|Any CPU
		{2AD17891-925D-486D-A93D-729CE2E53563}.Release|Any CPU.Build.0 = Release|Any CPU
		{EC2F9399-4929-42AC-A0A3-D445ADF4CFF9}.Debug|Any CPU.ActiveCfg = Debug|Any CPU
		{EC2F9399-4929-42AC-A0A3-D445ADF4CFF9}.Debug|Any CPU.Build.0 = Debug|Any CPU
		{EC2F9399-4929-42AC-A0A3-D445ADF4CFF9}.Release|Any CPU.ActiveCfg = Release|Any CPU
		{EC2F9399-4929-42AC-A0A3-D445ADF4CFF9}.Release|Any CPU.Build.0 = Release|Any CPU
		{006A7F32-0DD3-4DE2-B913-971F44736A88}.Debug|Any CPU.ActiveCfg = Debug|Any CPU
		{006A7F32-0DD3-4DE2-B913-971F44736A88}.Debug|Any CPU.Build.0 = Debug|Any CPU
		{006A7F32-0DD3-4DE2-B913-971F44736A88}.Release|Any CPU.ActiveCfg = Release|Any CPU
		{006A7F32-0DD3-4DE2-B913-971F44736A88}.Release|Any CPU.Build.0 = Release|Any CPU
		{4DFF7946-A48C-4BA0-B48C-EDF4F876F83F}.Debug|Any CPU.ActiveCfg = Debug|Any CPU
		{4DFF7946-A48C-4BA0-B48C-EDF4F876F83F}.Debug|Any CPU.Build.0 = Debug|Any CPU
		{4DFF7946-A48C-4BA0-B48C-EDF4F876F83F}.Release|Any CPU.ActiveCfg = Release|Any CPU
		{4DFF7946-A48C-4BA0-B48C-EDF4F876F83F}.Release|Any CPU.Build.0 = Release|Any CPU
		{1A6E5A00-0CD3-4A25-B6B5-6CF1DDD0A8E6}.Debug|Any CPU.ActiveCfg = Debug|Any CPU
		{1A6E5A00-0CD3-4A25-B6B5-6CF1DDD0A8E6}.Debug|Any CPU.Build.0 = Debug|Any CPU
		{1A6E5A00-0CD3-4A25-B6B5-6CF1DDD0A8E6}.Release|Any CPU.ActiveCfg = Release|Any CPU
		{1A6E5A00-0CD3-4A25-B6B5-6CF1DDD0A8E6}.Release|Any CPU.Build.0 = Release|Any CPU
		{E7F9D278-6872-48E5-9613-CD1DD2BD8B18}.Debug|Any CPU.ActiveCfg = Debug|Any CPU
		{E7F9D278-6872-48E5-9613-CD1DD2BD8B18}.Debug|Any CPU.Build.0 = Debug|Any CPU
		{E7F9D278-6872-48E5-9613-CD1DD2BD8B18}.Release|Any CPU.ActiveCfg = Release|Any CPU
		{E7F9D278-6872-48E5-9613-CD1DD2BD8B18}.Release|Any CPU.Build.0 = Release|Any CPU
		{BEE6FA15-C029-4855-A44A-28A5EAF798C1}.Debug|Any CPU.ActiveCfg = Debug|Any CPU
		{BEE6FA15-C029-4855-A44A-28A5EAF798C1}.Debug|Any CPU.Build.0 = Debug|Any CPU
		{BEE6FA15-C029-4855-A44A-28A5EAF798C1}.Release|Any CPU.ActiveCfg = Release|Any CPU
		{BEE6FA15-C029-4855-A44A-28A5EAF798C1}.Release|Any CPU.Build.0 = Release|Any CPU
	EndGlobalSection
	GlobalSection(SolutionProperties) = preSolution
		HideSolutionNode = FALSE
	EndGlobalSection
	GlobalSection(ExtensibilityGlobals) = postSolution
		SolutionGuid = {26A0EC5A-ADF3-4238-9D13-0EA1E9253885}
	EndGlobalSection
EndGlobal
